// !$*UTF8*$!
{
	archiveVersion = 1;
	classes = {
	};
	objectVersion = 55;
	objects = {

/* Begin PBXBuildFile section */
		9C133EB7290372D300D6CADF /* AppDelegate.swift in Sources */ = {isa = PBXBuildFile; fileRef = 9C133EB6290372D300D6CADF /* AppDelegate.swift */; };
		9C133EB9290372D300D6CADF /* SceneDelegate.swift in Sources */ = {isa = PBXBuildFile; fileRef = 9C133EB8290372D300D6CADF /* SceneDelegate.swift */; };
		9C133EBB290372D300D6CADF /* MainViewController.swift in Sources */ = {isa = PBXBuildFile; fileRef = 9C133EBA290372D300D6CADF /* MainViewController.swift */; };
		9C133EC0290372D500D6CADF /* Assets.xcassets in Resources */ = {isa = PBXBuildFile; fileRef = 9C133EBF290372D500D6CADF /* Assets.xcassets */; };
		9C133EC3290372D500D6CADF /* LaunchScreen.storyboard in Resources */ = {isa = PBXBuildFile; fileRef = 9C133EC1290372D500D6CADF /* LaunchScreen.storyboard */; };
		9C41BF452903890500CB9FBC /* MainViewController.xib in Resources */ = {isa = PBXBuildFile; fileRef = 9C41BF442903890500CB9FBC /* MainViewController.xib */; };
		9C41BF482903B43C00CB9FBC /* MyButton.swift in Sources */ = {isa = PBXBuildFile; fileRef = 9C41BF472903B43C00CB9FBC /* MyButton.swift */; };
		9C41BF5A2903DB2500CB9FBC /* MainViewModel.swift in Sources */ = {isa = PBXBuildFile; fileRef = 9C41BF592903DB2500CB9FBC /* MainViewModel.swift */; };
		9C7CBBF02904957900A9A068 /* libTangent.a in Frameworks */ = {isa = PBXBuildFile; fileRef = 9C7CBBEF2904957900A9A068 /* libTangent.a */; };
		9CCC2A3F29056B6600C7161B /* libCosine.a in Frameworks */ = {isa = PBXBuildFile; fileRef = 9CD170242904684400FD0A99 /* libCosine.a */; };
		9CD1705D29046BC800FD0A99 /* libSine.a in Frameworks */ = {isa = PBXBuildFile; fileRef = 9CD1705229046AC500FD0A99 /* libSine.a */; };
/* End PBXBuildFile section */

/* Begin PBXContainerItemProxy section */
		9C7CBBEE2904957900A9A068 /* PBXContainerItemProxy */ = {
			isa = PBXContainerItemProxy;
			containerPortal = 9CD17006290467DA00FD0A99 /* tangent.xcodeproj */;
			proxyType = 2;
			remoteGlobalIDString = 9C7CBBEC2904956800A9A068;
			remoteInfo = Tangent;
		};
		9CD170232904684400FD0A99 /* PBXContainerItemProxy */ = {
			isa = PBXContainerItemProxy;
			containerPortal = 9CD1701F2904684300FD0A99 /* cosine.xcodeproj */;
			proxyType = 2;
			remoteGlobalIDString = 9CD170152904684300FD0A99;
			remoteInfo = cosine;
		};
		9CD1705129046AC500FD0A99 /* PBXContainerItemProxy */ = {
			isa = PBXContainerItemProxy;
			containerPortal = 9CD1704D29046AC400FD0A99 /* sine.xcodeproj */;
			proxyType = 2;
			remoteGlobalIDString = 9CD1704329046AC400FD0A99;
			remoteInfo = sine;
		};
/* End PBXContainerItemProxy section */

/* Begin PBXFileReference section */
		9C133EB3290372D300D6CADF /* letusgo2022.app */ = {isa = PBXFileReference; explicitFileType = wrapper.application; includeInIndex = 0; path = letusgo2022.app; sourceTree = BUILT_PRODUCTS_DIR; };
		9C133EB6290372D300D6CADF /* AppDelegate.swift */ = {isa = PBXFileReference; lastKnownFileType = sourcecode.swift; path = AppDelegate.swift; sourceTree = "<group>"; };
		9C133EB8290372D300D6CADF /* SceneDelegate.swift */ = {isa = PBXFileReference; lastKnownFileType = sourcecode.swift; path = SceneDelegate.swift; sourceTree = "<group>"; };
		9C133EBA290372D300D6CADF /* MainViewController.swift */ = {isa = PBXFileReference; lastKnownFileType = sourcecode.swift; path = MainViewController.swift; sourceTree = "<group>"; };
		9C133EBF290372D500D6CADF /* Assets.xcassets */ = {isa = PBXFileReference; lastKnownFileType = folder.assetcatalog; path = Assets.xcassets; sourceTree = "<group>"; };
		9C133EC2290372D500D6CADF /* Base */ = {isa = PBXFileReference; lastKnownFileType = file.storyboard; name = Base; path = Base.lproj/LaunchScreen.storyboard; sourceTree = "<group>"; };
		9C133EC4290372D500D6CADF /* Info.plist */ = {isa = PBXFileReference; lastKnownFileType = text.plist.xml; path = Info.plist; sourceTree = "<group>"; };
		9C41BF442903890500CB9FBC /* MainViewController.xib */ = {isa = PBXFileReference; lastKnownFileType = file.xib; path = MainViewController.xib; sourceTree = "<group>"; };
		9C41BF472903B43C00CB9FBC /* MyButton.swift */ = {isa = PBXFileReference; lastKnownFileType = sourcecode.swift; path = MyButton.swift; sourceTree = "<group>"; };
		9C41BF592903DB2500CB9FBC /* MainViewModel.swift */ = {isa = PBXFileReference; lastKnownFileType = sourcecode.swift; path = MainViewModel.swift; sourceTree = "<group>"; };
		9CD17006290467DA00FD0A99 /* tangent.xcodeproj */ = {isa = PBXFileReference; lastKnownFileType = "wrapper.pb-project"; name = tangent.xcodeproj; path = tangent/tangent.xcodeproj; sourceTree = "<group>"; };
		9CD1701F2904684300FD0A99 /* cosine.xcodeproj */ = {isa = PBXFileReference; lastKnownFileType = "wrapper.pb-project"; name = cosine.xcodeproj; path = cosine/cosine.xcodeproj; sourceTree = "<group>"; };
		9CD1704D29046AC400FD0A99 /* sine.xcodeproj */ = {isa = PBXFileReference; lastKnownFileType = "wrapper.pb-project"; name = sine.xcodeproj; path = sine/sine.xcodeproj; sourceTree = "<group>"; };
/* End PBXFileReference section */

/* Begin PBXFrameworksBuildPhase section */
		9C133EB0290372D300D6CADF /* Frameworks */ = {
			isa = PBXFrameworksBuildPhase;
			buildActionMask = 2147483647;
			files = (
				9CD1705D29046BC800FD0A99 /* libSine.a in Frameworks */,
				9CCC2A3F29056B6600C7161B /* libCosine.a in Frameworks */,
				9C7CBBF02904957900A9A068 /* libTangent.a in Frameworks */,
			);
			runOnlyForDeploymentPostprocessing = 0;
		};
/* End PBXFrameworksBuildPhase section */

/* Begin PBXGroup section */
		9C133EAA290372D300D6CADF = {
			isa = PBXGroup;
			children = (
				9CD1704D29046AC400FD0A99 /* sine.xcodeproj */,
				9CD1701F2904684300FD0A99 /* cosine.xcodeproj */,
				9CD17006290467DA00FD0A99 /* tangent.xcodeproj */,
				9C133EB5290372D300D6CADF /* letusgo2022 */,
				9C133EB4290372D300D6CADF /* Products */,
				9CD1705B29046BC800FD0A99 /* Frameworks */,
			);
			sourceTree = "<group>";
		};
		9C133EB4290372D300D6CADF /* Products */ = {
			isa = PBXGroup;
			children = (
				9C133EB3290372D300D6CADF /* letusgo2022.app */,
			);
			name = Products;
			sourceTree = "<group>";
		};
		9C133EB5290372D300D6CADF /* letusgo2022 */ = {
			isa = PBXGroup;
			children = (
				9C41BF462903B42E00CB9FBC /* UIComponents */,
				9C133EB6290372D300D6CADF /* AppDelegate.swift */,
				9C133EB8290372D300D6CADF /* SceneDelegate.swift */,
				9C41BF592903DB2500CB9FBC /* MainViewModel.swift */,
				9C133EBA290372D300D6CADF /* MainViewController.swift */,
				9C41BF442903890500CB9FBC /* MainViewController.xib */,
				9C133EBF290372D500D6CADF /* Assets.xcassets */,
				9C133EC1290372D500D6CADF /* LaunchScreen.storyboard */,
				9C133EC4290372D500D6CADF /* Info.plist */,
			);
			path = letusgo2022;
			sourceTree = "<group>";
		};
		9C41BF462903B42E00CB9FBC /* UIComponents */ = {
			isa = PBXGroup;
			children = (
				9C41BF472903B43C00CB9FBC /* MyButton.swift */,
			);
			path = UIComponents;
			sourceTree = "<group>";
		};
		9CD17007290467DA00FD0A99 /* Products */ = {
			isa = PBXGroup;
			children = (
				9C7CBBEF2904957900A9A068 /* libTangent.a */,
			);
			name = Products;
			sourceTree = "<group>";
		};
		9CD170202904684300FD0A99 /* Products */ = {
			isa = PBXGroup;
			children = (
				9CD170242904684400FD0A99 /* libCosine.a */,
			);
			name = Products;
			sourceTree = "<group>";
		};
		9CD1704E29046AC400FD0A99 /* Products */ = {
			isa = PBXGroup;
			children = (
				9CD1705229046AC500FD0A99 /* libSine.a */,
			);
			name = Products;
			sourceTree = "<group>";
		};
		9CD1705B29046BC800FD0A99 /* Frameworks */ = {
			isa = PBXGroup;
			children = (
			);
			name = Frameworks;
			sourceTree = "<group>";
		};
/* End PBXGroup section */

/* Begin PBXNativeTarget section */
		9C133EB2290372D300D6CADF /* letusgo2022 */ = {
			isa = PBXNativeTarget;
			buildConfigurationList = 9C133EC7290372D500D6CADF /* Build configuration list for PBXNativeTarget "letusgo2022" */;
			buildPhases = (
				9C133EAF290372D300D6CADF /* Sources */,
				9C133EB0290372D300D6CADF /* Frameworks */,
				9C133EB1290372D300D6CADF /* Resources */,
			);
			buildRules = (
			);
			dependencies = (
			);
			name = letusgo2022;
			productName = letusgo2022;
			productReference = 9C133EB3290372D300D6CADF /* letusgo2022.app */;
			productType = "com.apple.product-type.application";
		};
/* End PBXNativeTarget section */

/* Begin PBXProject section */
		9C133EAB290372D300D6CADF /* Project object */ = {
			isa = PBXProject;
			attributes = {
				BuildIndependentTargetsInParallel = 1;
				LastSwiftUpdateCheck = 1320;
				LastUpgradeCheck = 1320;
				TargetAttributes = {
					9C133EB2290372D300D6CADF = {
						CreatedOnToolsVersion = 13.2.1;
					};
				};
			};
			buildConfigurationList = 9C133EAE290372D300D6CADF /* Build configuration list for PBXProject "letusgo2022" */;
			compatibilityVersion = "Xcode 13.0";
			developmentRegion = en;
			hasScannedForEncodings = 0;
			knownRegions = (
				en,
				Base,
			);
			mainGroup = 9C133EAA290372D300D6CADF;
			productRefGroup = 9C133EB4290372D300D6CADF /* Products */;
			projectDirPath = "";
			projectReferences = (
				{
					ProductGroup = 9CD170202904684300FD0A99 /* Products */;
					ProjectRef = 9CD1701F2904684300FD0A99 /* cosine.xcodeproj */;
				},
				{
					ProductGroup = 9CD1704E29046AC400FD0A99 /* Products */;
					ProjectRef = 9CD1704D29046AC400FD0A99 /* sine.xcodeproj */;
				},
				{
					ProductGroup = 9CD17007290467DA00FD0A99 /* Products */;
					ProjectRef = 9CD17006290467DA00FD0A99 /* tangent.xcodeproj */;
				},
			);
			projectRoot = "";
			targets = (
				9C133EB2290372D300D6CADF /* letusgo2022 */,
			);
		};
/* End PBXProject section */

/* Begin PBXReferenceProxy section */
		9C7CBBEF2904957900A9A068 /* libTangent.a */ = {
			isa = PBXReferenceProxy;
			fileType = archive.ar;
			path = libTangent.a;
			remoteRef = 9C7CBBEE2904957900A9A068 /* PBXContainerItemProxy */;
			sourceTree = BUILT_PRODUCTS_DIR;
		};
		9CD170242904684400FD0A99 /* libCosine.a */ = {
			isa = PBXReferenceProxy;
			fileType = archive.ar;
			path = libCosine.a;
			remoteRef = 9CD170232904684400FD0A99 /* PBXContainerItemProxy */;
			sourceTree = BUILT_PRODUCTS_DIR;
		};
		9CD1705229046AC500FD0A99 /* libSine.a */ = {
			isa = PBXReferenceProxy;
			fileType = archive.ar;
			path = libSine.a;
			remoteRef = 9CD1705129046AC500FD0A99 /* PBXContainerItemProxy */;
			sourceTree = BUILT_PRODUCTS_DIR;
		};
/* End PBXReferenceProxy section */

/* Begin PBXResourcesBuildPhase section */
		9C133EB1290372D300D6CADF /* Resources */ = {
			isa = PBXResourcesBuildPhase;
			buildActionMask = 2147483647;
			files = (
				9C41BF452903890500CB9FBC /* MainViewController.xib in Resources */,
				9C133EC3290372D500D6CADF /* LaunchScreen.storyboard in Resources */,
				9C133EC0290372D500D6CADF /* Assets.xcassets in Resources */,
			);
			runOnlyForDeploymentPostprocessing = 0;
		};
/* End PBXResourcesBuildPhase section */

/* Begin PBXSourcesBuildPhase section */
		9C133EAF290372D300D6CADF /* Sources */ = {
			isa = PBXSourcesBuildPhase;
			buildActionMask = 2147483647;
			files = (
				9C41BF5A2903DB2500CB9FBC /* MainViewModel.swift in Sources */,
				9C133EBB290372D300D6CADF /* MainViewController.swift in Sources */,
				9C133EB7290372D300D6CADF /* AppDelegate.swift in Sources */,
				9C133EB9290372D300D6CADF /* SceneDelegate.swift in Sources */,
				9C41BF482903B43C00CB9FBC /* MyButton.swift in Sources */,
			);
			runOnlyForDeploymentPostprocessing = 0;
		};
/* End PBXSourcesBuildPhase section */

/* Begin PBXVariantGroup section */
		9C133EC1290372D500D6CADF /* LaunchScreen.storyboard */ = {
			isa = PBXVariantGroup;
			children = (
				9C133EC2290372D500D6CADF /* Base */,
			);
			name = LaunchScreen.storyboard;
			sourceTree = "<group>";
		};
/* End PBXVariantGroup section */

/* Begin XCBuildConfiguration section */
		9C133EC5290372D500D6CADF /* Debug */ = {
			isa = XCBuildConfiguration;
			buildSettings = {
				ALWAYS_SEARCH_USER_PATHS = NO;
				CLANG_ANALYZER_NONNULL = YES;
				CLANG_ANALYZER_NUMBER_OBJECT_CONVERSION = YES_AGGRESSIVE;
				CLANG_CXX_LANGUAGE_STANDARD = "gnu++17";
				CLANG_CXX_LIBRARY = "libc++";
				CLANG_ENABLE_MODULES = YES;
				CLANG_ENABLE_OBJC_ARC = YES;
				CLANG_ENABLE_OBJC_WEAK = YES;
				CLANG_WARN_BLOCK_CAPTURE_AUTORELEASING = YES;
				CLANG_WARN_BOOL_CONVERSION = YES;
				CLANG_WARN_COMMA = YES;
				CLANG_WARN_CONSTANT_CONVERSION = YES;
				CLANG_WARN_DEPRECATED_OBJC_IMPLEMENTATIONS = YES;
				CLANG_WARN_DIRECT_OBJC_ISA_USAGE = YES_ERROR;
				CLANG_WARN_DOCUMENTATION_COMMENTS = YES;
				CLANG_WARN_EMPTY_BODY = YES;
				CLANG_WARN_ENUM_CONVERSION = YES;
				CLANG_WARN_INFINITE_RECURSION = YES;
				CLANG_WARN_INT_CONVERSION = YES;
				CLANG_WARN_NON_LITERAL_NULL_CONVERSION = YES;
				CLANG_WARN_OBJC_IMPLICIT_RETAIN_SELF = YES;
				CLANG_WARN_OBJC_LITERAL_CONVERSION = YES;
				CLANG_WARN_OBJC_ROOT_CLASS = YES_ERROR;
				CLANG_WARN_QUOTED_INCLUDE_IN_FRAMEWORK_HEADER = YES;
				CLANG_WARN_RANGE_LOOP_ANALYSIS = YES;
				CLANG_WARN_STRICT_PROTOTYPES = YES;
				CLANG_WARN_SUSPICIOUS_MOVE = YES;
				CLANG_WARN_UNGUARDED_AVAILABILITY = YES_AGGRESSIVE;
				CLANG_WARN_UNREACHABLE_CODE = YES;
				CLANG_WARN__DUPLICATE_METHOD_MATCH = YES;
				COPY_PHASE_STRIP = NO;
				DEBUG_INFORMATION_FORMAT = dwarf;
				ENABLE_STRICT_OBJC_MSGSEND = YES;
				ENABLE_TESTABILITY = YES;
				GCC_C_LANGUAGE_STANDARD = gnu11;
				GCC_DYNAMIC_NO_PIC = NO;
				GCC_NO_COMMON_BLOCKS = YES;
				GCC_OPTIMIZATION_LEVEL = 0;
				GCC_PREPROCESSOR_DEFINITIONS = (
					"DEBUG=1",
					"$(inherited)",
				);
				GCC_WARN_64_TO_32_BIT_CONVERSION = YES;
				GCC_WARN_ABOUT_RETURN_TYPE = YES_ERROR;
				GCC_WARN_UNDECLARED_SELECTOR = YES;
				GCC_WARN_UNINITIALIZED_AUTOS = YES_AGGRESSIVE;
				GCC_WARN_UNUSED_FUNCTION = YES;
				GCC_WARN_UNUSED_VARIABLE = YES;
				IPHONEOS_DEPLOYMENT_TARGET = 15.2;
				MTL_ENABLE_DEBUG_INFO = INCLUDE_SOURCE;
				MTL_FAST_MATH = YES;
				ONLY_ACTIVE_ARCH = YES;
				SDKROOT = iphoneos;
				SWIFT_ACTIVE_COMPILATION_CONDITIONS = DEBUG;
				SWIFT_OPTIMIZATION_LEVEL = "-Onone";
			};
			name = Debug;
		};
		9C133EC6290372D500D6CADF /* Release */ = {
			isa = XCBuildConfiguration;
			buildSettings = {
				ALWAYS_SEARCH_USER_PATHS = NO;
				CLANG_ANALYZER_NONNULL = YES;
				CLANG_ANALYZER_NUMBER_OBJECT_CONVERSION = YES_AGGRESSIVE;
				CLANG_CXX_LANGUAGE_STANDARD = "gnu++17";
				CLANG_CXX_LIBRARY = "libc++";
				CLANG_ENABLE_MODULES = YES;
				CLANG_ENABLE_OBJC_ARC = YES;
				CLANG_ENABLE_OBJC_WEAK = YES;
				CLANG_WARN_BLOCK_CAPTURE_AUTORELEASING = YES;
				CLANG_WARN_BOOL_CONVERSION = YES;
				CLANG_WARN_COMMA = YES;
				CLANG_WARN_CONSTANT_CONVERSION = YES;
				CLANG_WARN_DEPRECATED_OBJC_IMPLEMENTATIONS = YES;
				CLANG_WARN_DIRECT_OBJC_ISA_USAGE = YES_ERROR;
				CLANG_WARN_DOCUMENTATION_COMMENTS = YES;
				CLANG_WARN_EMPTY_BODY = YES;
				CLANG_WARN_ENUM_CONVERSION = YES;
				CLANG_WARN_INFINITE_RECURSION = YES;
				CLANG_WARN_INT_CONVERSION = YES;
				CLANG_WARN_NON_LITERAL_NULL_CONVERSION = YES;
				CLANG_WARN_OBJC_IMPLICIT_RETAIN_SELF = YES;
				CLANG_WARN_OBJC_LITERAL_CONVERSION = YES;
				CLANG_WARN_OBJC_ROOT_CLASS = YES_ERROR;
				CLANG_WARN_QUOTED_INCLUDE_IN_FRAMEWORK_HEADER = YES;
				CLANG_WARN_RANGE_LOOP_ANALYSIS = YES;
				CLANG_WARN_STRICT_PROTOTYPES = YES;
				CLANG_WARN_SUSPICIOUS_MOVE = YES;
				CLANG_WARN_UNGUARDED_AVAILABILITY = YES_AGGRESSIVE;
				CLANG_WARN_UNREACHABLE_CODE = YES;
				CLANG_WARN__DUPLICATE_METHOD_MATCH = YES;
				COPY_PHASE_STRIP = NO;
				DEBUG_INFORMATION_FORMAT = "dwarf-with-dsym";
				ENABLE_NS_ASSERTIONS = NO;
				ENABLE_STRICT_OBJC_MSGSEND = YES;
				GCC_C_LANGUAGE_STANDARD = gnu11;
				GCC_NO_COMMON_BLOCKS = YES;
				GCC_WARN_64_TO_32_BIT_CONVERSION = YES;
				GCC_WARN_ABOUT_RETURN_TYPE = YES_ERROR;
				GCC_WARN_UNDECLARED_SELECTOR = YES;
				GCC_WARN_UNINITIALIZED_AUTOS = YES_AGGRESSIVE;
				GCC_WARN_UNUSED_FUNCTION = YES;
				GCC_WARN_UNUSED_VARIABLE = YES;
				IPHONEOS_DEPLOYMENT_TARGET = 15.2;
				MTL_ENABLE_DEBUG_INFO = NO;
				MTL_FAST_MATH = YES;
				SDKROOT = iphoneos;
				SWIFT_COMPILATION_MODE = wholemodule;
				SWIFT_OPTIMIZATION_LEVEL = "-O";
				VALIDATE_PRODUCT = YES;
			};
			name = Release;
		};
		9C133EC8290372D500D6CADF /* Debug */ = {
			isa = XCBuildConfiguration;
			buildSettings = {
				ASSETCATALOG_COMPILER_APPICON_NAME = AppIcon;
				ASSETCATALOG_COMPILER_GLOBAL_ACCENT_COLOR_NAME = AccentColor;
				CODE_SIGN_STYLE = Automatic;
				CURRENT_PROJECT_VERSION = 1;
				DEVELOPMENT_TEAM = U2XKV67PR3;
				GENERATE_INFOPLIST_FILE = YES;
				INFOPLIST_FILE = letusgo2022/Info.plist;
				INFOPLIST_KEY_UIApplicationSupportsIndirectInputEvents = YES;
				INFOPLIST_KEY_UILaunchStoryboardName = LaunchScreen;
				INFOPLIST_KEY_UISupportedInterfaceOrientations_iPad = "UIInterfaceOrientationPortrait UIInterfaceOrientationPortraitUpsideDown UIInterfaceOrientationLandscapeLeft UIInterfaceOrientationLandscapeRight";
				INFOPLIST_KEY_UISupportedInterfaceOrientations_iPhone = "UIInterfaceOrientationPortrait UIInterfaceOrientationLandscapeLeft UIInterfaceOrientationLandscapeRight";
				LD_RUNPATH_SEARCH_PATHS = (
					"$(inherited)",
					"@executable_path/Frameworks",
				);
				MARKETING_VERSION = 1.0;
				PRODUCT_BUNDLE_IDENTIFIER = com.clyne.letusgo2022;
				PRODUCT_NAME = "$(TARGET_NAME)";
				SWIFT_EMIT_LOC_STRINGS = YES;
				SWIFT_VERSION = 5.0;
				TARGETED_DEVICE_FAMILY = "1,2";
			};
			name = Debug;
		};
		9C133EC9290372D500D6CADF /* Release */ = {
			isa = XCBuildConfiguration;
			buildSettings = {
				ASSETCATALOG_COMPILER_APPICON_NAME = AppIcon;
				ASSETCATALOG_COMPILER_GLOBAL_ACCENT_COLOR_NAME = AccentColor;
				CODE_SIGN_STYLE = Automatic;
				CURRENT_PROJECT_VERSION = 1;
				DEVELOPMENT_TEAM = U2XKV67PR3;
				GENERATE_INFOPLIST_FILE = YES;
				INFOPLIST_FILE = letusgo2022/Info.plist;
				INFOPLIST_KEY_UIApplicationSupportsIndirectInputEvents = YES;
				INFOPLIST_KEY_UILaunchStoryboardName = LaunchScreen;
				INFOPLIST_KEY_UISupportedInterfaceOrientations_iPad = "UIInterfaceOrientationPortrait UIInterfaceOrientationPortraitUpsideDown UIInterfaceOrientationLandscapeLeft UIInterfaceOrientationLandscapeRight";
				INFOPLIST_KEY_UISupportedInterfaceOrientations_iPhone = "UIInterfaceOrientationPortrait UIInterfaceOrientationLandscapeLeft UIInterfaceOrientationLandscapeRight";
				LD_RUNPATH_SEARCH_PATHS = (
					"$(inherited)",
					"@executable_path/Frameworks",
				);
				MARKETING_VERSION = 1.0;
				PRODUCT_BUNDLE_IDENTIFIER = com.clyne.letusgo2022;
				PRODUCT_NAME = "$(TARGET_NAME)";
				SWIFT_EMIT_LOC_STRINGS = YES;
				SWIFT_VERSION = 5.0;
				TARGETED_DEVICE_FAMILY = "1,2";
			};
			name = Release;
		};
/* End XCBuildConfiguration section */

/* Begin XCConfigurationList section */
		9C133EAE290372D300D6CADF /* Build configuration list for PBXProject "letusgo2022" */ = {
			isa = XCConfigurationList;
			buildConfigurations = (
				9C133EC5290372D500D6CADF /* Debug */,
				9C133EC6290372D500D6CADF /* Release */,
			);
			defaultConfigurationIsVisible = 0;
			defaultConfigurationName = Release;
		};
		9C133EC7290372D500D6CADF /* Build configuration list for PBXNativeTarget "letusgo2022" */ = {
			isa = XCConfigurationList;
			buildConfigurations = (
				9C133EC8290372D500D6CADF /* Debug */,
				9C133EC9290372D500D6CADF /* Release */,
			);
			defaultConfigurationIsVisible = 0;
			defaultConfigurationName = Release;
		};
/* End XCConfigurationList section */
	};
	rootObject = 9C133EAB290372D300D6CADF /* Project object */;
}
